
Microsoft Visual Studio Solution File, Format Version 12.00
# Visual Studio 2012
Project("{FAE04EC0-301F-11D3-BF4B-00C04F79EFBC}") = "Common", "Common\Common.csproj", "{DFD230FA-76D5-4EF4-8035-80E848CF798B}"
EndProject
Project("{2150E333-8FDC-42A3-9474-1A3956D46DE8}") = ".nuget", ".nuget", "{76DE91DB-0A1B-4219-9CE6-A8E61CD1B5DF}"
	ProjectSection(SolutionItems) = preProject
		.nuget\NuGet.Config = .nuget\NuGet.Config
		.nuget\NuGet.exe = .nuget\NuGet.exe
		.nuget\NuGet.targets = .nuget\NuGet.targets
	EndProjectSection
EndProject
Project("{2150E333-8FDC-42A3-9474-1A3956D46DE8}") = ".build", ".build", "{7B1219D8-005E-4A65-BE2B-050077236655}"
	ProjectSection(SolutionItems) = preProject
		build.proj = build.proj
	EndProjectSection
EndProject
Project("{2150E333-8FDC-42A3-9474-1A3956D46DE8}") = ".shared", ".shared", "{84EEABF1-72A4-4BD8-8879-17F035425347}"
	ProjectSection(SolutionItems) = preProject
		.shared\Infrastructure.snk = .shared\Infrastructure.snk
		.shared\ProductInfo.cs = .shared\ProductInfo.cs
		.shared\PublicKey.txt = .shared\PublicKey.txt
		.shared\VersionInfo.cs = .shared\VersionInfo.cs
	EndProjectSection
EndProject
Global
	GlobalSection(SolutionConfigurationPlatforms) = preSolution
		Debug|Any CPU = Debug|Any CPU
		Release|Any CPU = Release|Any CPU
	EndGlobalSection
	GlobalSection(ProjectConfigurationPlatforms) = postSolution
		{DFD230FA-76D5-4EF4-8035-80E848CF798B}.Debug|Any CPU.ActiveCfg = Debug|Any CPU
		{DFD230FA-76D5-4EF4-8035-80E848CF798B}.Debug|Any CPU.Build.0 = Debug|Any CPU
		{DFD230FA-76D5-4EF4-8035-80E848CF798B}.Release|Any CPU.ActiveCfg = Release|Any CPU
		{DFD230FA-76D5-4EF4-8035-80E848CF798B}.Release|Any CPU.Build.0 = Release|Any CPU
	EndGlobalSection
	GlobalSection(SolutionProperties) = preSolution
		HideSolutionNode = FALSE
	EndGlobalSection
EndGlobal
